
Microsoft Visual Studio Solution File, Format Version 12.00
# Visual Studio Version 16
VisualStudioVersion = 16.0.30413.136
MinimumVisualStudioVersion = 10.0.40219.1
Project("{9A19103F-16F7-4668-BE54-9A1E7A4F7556}") = "MyLittlestPetShop.Core", "MyLittlestPetShop.Core\MyLittlestPetShop.Core.csproj", "{EE1DB142-6D77-4D99-9D3C-D0635C3E343D}"
EndProject
Project("{9A19103F-16F7-4668-BE54-9A1E7A4F7556}") = "MyLittlestPetShop.Core.Entity", "MyLittlestPetShop.Core.Entity\MyLittlestPetShop.Core.Entity.csproj", "{D98D2625-5602-4104-B50E-322016C1ACE0}"
EndProject
Project("{2150E333-8FDC-42A3-9474-1A3956D46DE8}") = "Core", "Core", "{F81A3B95-3588-44B7-A87D-774C34AC4722}"
EndProject
Project("{2150E333-8FDC-42A3-9474-1A3956D46DE8}") = "Infrastructure", "Infrastructure", "{2010F724-C5FA-4C60-84C3-AD980CC2ACA9}"
EndProject
Project("{2150E333-8FDC-42A3-9474-1A3956D46DE8}") = "UI", "UI", "{58F984B5-17EA-4F54-A02C-E1AE73D2F9C2}"
EndProject
Project("{9A19103F-16F7-4668-BE54-9A1E7A4F7556}") = "MyLittlestPetshop.UI.PetsRestAPI", "MyLittlestPetshop.UI.PetsRestAPI\MyLittlestPetshop.UI.PetsRestAPI.csproj", "{73F8CF75-87D3-4AC4-A5F0-B20464CC4CCC}"
	ProjectSection(ProjectDependencies) = postProject
		{E45F6A14-EB38-46B3-975C-208C9AEB3F3F} = {E45F6A14-EB38-46B3-975C-208C9AEB3F3F}
		{D98D2625-5602-4104-B50E-322016C1ACE0} = {D98D2625-5602-4104-B50E-322016C1ACE0}
		{EE1DB142-6D77-4D99-9D3C-D0635C3E343D} = {EE1DB142-6D77-4D99-9D3C-D0635C3E343D}
	EndProjectSection
EndProject
Project("{9A19103F-16F7-4668-BE54-9A1E7A4F7556}") = "MyLittlestPetshop.Infrastructure.SQL.Data", "MyLittlestPetshop.Infrastructure.SQL.Data\MyLittlestPetshop.Infrastructure.SQL.Data.csproj", "{E45F6A14-EB38-46B3-975C-208C9AEB3F3F}"
	ProjectSection(ProjectDependencies) = postProject
		{D98D2625-5602-4104-B50E-322016C1ACE0} = {D98D2625-5602-4104-B50E-322016C1ACE0}
		{EE1DB142-6D77-4D99-9D3C-D0635C3E343D} = {EE1DB142-6D77-4D99-9D3C-D0635C3E343D}
	EndProjectSection
EndProject
Global
	GlobalSection(SolutionConfigurationPlatforms) = preSolution
		Debug|Any CPU = Debug|Any CPU
		Release|Any CPU = Release|Any CPU
	EndGlobalSection
	GlobalSection(ProjectConfigurationPlatforms) = postSolution
		{EE1DB142-6D77-4D99-9D3C-D0635C3E343D}.Debug|Any CPU.ActiveCfg = Debug|Any CPU
		{EE1DB142-6D77-4D99-9D3C-D0635C3E343D}.Debug|Any CPU.Build.0 = Debug|Any CPU
		{EE1DB142-6D77-4D99-9D3C-D0635C3E343D}.Release|Any CPU.ActiveCfg = Release|Any CPU
		{EE1DB142-6D77-4D99-9D3C-D0635C3E343D}.Release|Any CPU.Build.0 = Release|Any CPU
		{D98D2625-5602-4104-B50E-322016C1ACE0}.Debug|Any CPU.ActiveCfg = Debug|Any CPU
		{D98D2625-5602-4104-B50E-322016C1ACE0}.Debug|Any CPU.Build.0 = Debug|Any CPU
		{D98D2625-5602-4104-B50E-322016C1ACE0}.Release|Any CPU.ActiveCfg = Release|Any CPU
		{D98D2625-5602-4104-B50E-322016C1ACE0}.Release|Any CPU.Build.0 = Release|Any CPU
		{73F8CF75-87D3-4AC4-A5F0-B20464CC4CCC}.Debug|Any CPU.ActiveCfg = Debug|Any CPU
		{73F8CF75-87D3-4AC4-A5F0-B20464CC4CCC}.Debug|Any CPU.Build.0 = Debug|Any CPU
		{73F8CF75-87D3-4AC4-A5F0-B20464CC4CCC}.Release|Any CPU.ActiveCfg = Release|Any CPU
		{73F8CF75-87D3-4AC4-A5F0-B20464CC4CCC}.Release|Any CPU.Build.0 = Release|Any CPU
		{E45F6A14-EB38-46B3-975C-208C9AEB3F3F}.Debug|Any CPU.ActiveCfg = Debug|Any CPU
		{E45F6A14-EB38-46B3-975C-208C9AEB3F3F}.Debug|Any CPU.Build.0 = Debug|Any CPU
		{E45F6A14-EB38-46B3-975C-208C9AEB3F3F}.Release|Any CPU.ActiveCfg = Release|Any CPU
		{E45F6A14-EB38-46B3-975C-208C9AEB3F3F}.Release|Any CPU.Build.0 = Release|Any CPU
	EndGlobalSection
	GlobalSection(SolutionProperties) = preSolution
		HideSolutionNode = FALSE
	EndGlobalSection
	GlobalSection(NestedProjects) = preSolution
		{EE1DB142-6D77-4D99-9D3C-D0635C3E343D} = {F81A3B95-3588-44B7-A87D-774C34AC4722}
		{D98D2625-5602-4104-B50E-322016C1ACE0} = {F81A3B95-3588-44B7-A87D-774C34AC4722}
		{73F8CF75-87D3-4AC4-A5F0-B20464CC4CCC} = {58F984B5-17EA-4F54-A02C-E1AE73D2F9C2}
		{E45F6A14-EB38-46B3-975C-208C9AEB3F3F} = {2010F724-C5FA-4C60-84C3-AD980CC2ACA9}
	EndGlobalSection
	GlobalSection(ExtensibilityGlobals) = postSolution
		SolutionGuid = {3BED2491-B427-490A-A4DA-CC89491F1244}
	EndGlobalSection
EndGlobal
